// !$*UTF8*$!
{
	archiveVersion = 1;
	classes = {
	};
	objectVersion = 50;
	objects = {

/* Begin PBXBuildFile section */
		82289DE824ED9F4E00CBC3D7 /* CategoryVC.swift in Sources */ = {isa = PBXBuildFile; fileRef = 82289DE724ED9F4E00CBC3D7 /* CategoryVC.swift */; };
		828EFA7924E1DF160091B7F9 /* DataModel.xcdatamodeld in Sources */ = {isa = PBXBuildFile; fileRef = 828EFA7724E1DF160091B7F9 /* DataModel.xcdatamodeld */; };
		82BAC7A624BE098C00EE7B66 /* AppDelegate.swift in Sources */ = {isa = PBXBuildFile; fileRef = 82BAC7A524BE098C00EE7B66 /* AppDelegate.swift */; };
		82BAC7A824BE098C00EE7B66 /* SceneDelegate.swift in Sources */ = {isa = PBXBuildFile; fileRef = 82BAC7A724BE098C00EE7B66 /* SceneDelegate.swift */; };
		82BAC7AA24BE098C00EE7B66 /* RemindMeVC.swift in Sources */ = {isa = PBXBuildFile; fileRef = 82BAC7A924BE098C00EE7B66 /* RemindMeVC.swift */; };
		82BAC7AD24BE098C00EE7B66 /* Main.storyboard in Resources */ = {isa = PBXBuildFile; fileRef = 82BAC7AB24BE098C00EE7B66 /* Main.storyboard */; };
		82BAC7AF24BE098E00EE7B66 /* Assets.xcassets in Resources */ = {isa = PBXBuildFile; fileRef = 82BAC7AE24BE098E00EE7B66 /* Assets.xcassets */; };
		82BAC7B224BE098E00EE7B66 /* LaunchScreen.storyboard in Resources */ = {isa = PBXBuildFile; fileRef = 82BAC7B024BE098E00EE7B66 /* LaunchScreen.storyboard */; };
/* End PBXBuildFile section */

/* Begin PBXFileReference section */
		82289DE724ED9F4E00CBC3D7 /* CategoryVC.swift */ = {isa = PBXFileReference; lastKnownFileType = sourcecode.swift; name = CategoryVC.swift; path = RemindMe/Views/CategoryVC.swift; sourceTree = SOURCE_ROOT; };
		828EFA7824E1DF160091B7F9 /* DataModel.xcdatamodel */ = {isa = PBXFileReference; lastKnownFileType = wrapper.xcdatamodel; path = DataModel.xcdatamodel; sourceTree = "<group>"; };
		82BAC7A224BE098C00EE7B66 /* RemindMe.app */ = {isa = PBXFileReference; explicitFileType = wrapper.application; includeInIndex = 0; path = RemindMe.app; sourceTree = BUILT_PRODUCTS_DIR; };
		82BAC7A524BE098C00EE7B66 /* AppDelegate.swift */ = {isa = PBXFileReference; lastKnownFileType = sourcecode.swift; path = AppDelegate.swift; sourceTree = "<group>"; };
		82BAC7A724BE098C00EE7B66 /* SceneDelegate.swift */ = {isa = PBXFileReference; lastKnownFileType = sourcecode.swift; path = SceneDelegate.swift; sourceTree = "<group>"; };
		82BAC7A924BE098C00EE7B66 /* RemindMeVC.swift */ = {isa = PBXFileReference; lastKnownFileType = sourcecode.swift; path = RemindMeVC.swift; sourceTree = "<group>"; };
		82BAC7AC24BE098C00EE7B66 /* Base */ = {isa = PBXFileReference; lastKnownFileType = file.storyboard; name = Base; path = Base.lproj/Main.storyboard; sourceTree = "<group>"; };
		82BAC7AE24BE098E00EE7B66 /* Assets.xcassets */ = {isa = PBXFileReference; lastKnownFileType = folder.assetcatalog; path = Assets.xcassets; sourceTree = "<group>"; };
		82BAC7B124BE098E00EE7B66 /* Base */ = {isa = PBXFileReference; lastKnownFileType = file.storyboard; name = Base; path = Base.lproj/LaunchScreen.storyboard; sourceTree = "<group>"; };
		82BAC7B324BE098E00EE7B66 /* Info.plist */ = {isa = PBXFileReference; lastKnownFileType = text.plist.xml; path = Info.plist; sourceTree = "<group>"; };
/* End PBXFileReference section */

/* Begin PBXFrameworksBuildPhase section */
		82BAC79F24BE098C00EE7B66 /* Frameworks */ = {
			isa = PBXFrameworksBuildPhase;
			buildActionMask = 2147483647;
			files = (
			);
			runOnlyForDeploymentPostprocessing = 0;
		};
/* End PBXFrameworksBuildPhase section */

/* Begin PBXGroup section */
		8253D36024C8A7E400074B8C /* Data Model */ = {
			isa = PBXGroup;
			children = (
				828EFA7724E1DF160091B7F9 /* DataModel.xcdatamodeld */,
			);
			path = "Data Model";
			sourceTree = "<group>";
		};
		8253D36124C8A7EC00074B8C /* Controllers */ = {
			isa = PBXGroup;
			children = (
				82289DE724ED9F4E00CBC3D7 /* CategoryVC.swift */,
				82BAC7A924BE098C00EE7B66 /* RemindMeVC.swift */,
			);
			path = Controllers;
			sourceTree = "<group>";
		};
		8253D36224C8A80000074B8C /* Views */ = {
			isa = PBXGroup;
			children = (
				82BAC7AB24BE098C00EE7B66 /* Main.storyboard */,
			);
			path = Views;
			sourceTree = "<group>";
		};
		8253D36324C8A82F00074B8C /* Supporting Files */ = {
			isa = PBXGroup;
			children = (
				82BAC7AE24BE098E00EE7B66 /* Assets.xcassets */,
				82BAC7B024BE098E00EE7B66 /* LaunchScreen.storyboard */,
			);
			path = "Supporting Files";
			sourceTree = "<group>";
		};
		82BAC79924BE098C00EE7B66 = {
			isa = PBXGroup;
			children = (
				82BAC7A424BE098C00EE7B66 /* RemindMe */,
				82BAC7A324BE098C00EE7B66 /* Products */,
			);
			sourceTree = "<group>";
		};
		82BAC7A324BE098C00EE7B66 /* Products */ = {
			isa = PBXGroup;
			children = (
				82BAC7A224BE098C00EE7B66 /* RemindMe.app */,
			);
			name = Products;
			sourceTree = "<group>";
		};
		82BAC7A424BE098C00EE7B66 /* RemindMe */ = {
			isa = PBXGroup;
			children = (
				8253D36024C8A7E400074B8C /* Data Model */,
				8253D36224C8A80000074B8C /* Views */,
				8253D36124C8A7EC00074B8C /* Controllers */,
				8253D36324C8A82F00074B8C /* Supporting Files */,
				82BAC7B324BE098E00EE7B66 /* Info.plist */,
				82BAC7A524BE098C00EE7B66 /* AppDelegate.swift */,
				82BAC7A724BE098C00EE7B66 /* SceneDelegate.swift */,
			);
			path = RemindMe;
			sourceTree = "<group>";
		};
/* End PBXGroup section */

/* Begin PBXNativeTarget section */
		82BAC7A124BE098C00EE7B66 /* RemindMe */ = {
			isa = PBXNativeTarget;
			buildConfigurationList = 82BAC7B624BE098E00EE7B66 /* Build configuration list for PBXNativeTarget "RemindMe" */;
			buildPhases = (
				82BAC79E24BE098C00EE7B66 /* Sources */,
				82BAC79F24BE098C00EE7B66 /* Frameworks */,
				82BAC7A024BE098C00EE7B66 /* Resources */,
			);
			buildRules = (
			);
			dependencies = (
			);
			name = RemindMe;
			productName = RemindMe;
			productReference = 82BAC7A224BE098C00EE7B66 /* RemindMe.app */;
			productType = "com.apple.product-type.application";
		};
/* End PBXNativeTarget section */

/* Begin PBXProject section */
		82BAC79A24BE098C00EE7B66 /* Project object */ = {
			isa = PBXProject;
			attributes = {
				LastSwiftUpdateCheck = 1150;
				LastUpgradeCheck = 1200;
				ORGANIZATIONNAME = "Tymon Golęba Frygies";
				TargetAttributes = {
					82BAC7A124BE098C00EE7B66 = {
						CreatedOnToolsVersion = 11.5;
					};
				};
			};
			buildConfigurationList = 82BAC79D24BE098C00EE7B66 /* Build configuration list for PBXProject "RemindMe" */;
			compatibilityVersion = "Xcode 9.3";
			developmentRegion = en;
			hasScannedForEncodings = 0;
			knownRegions = (
				en,
				Base,
			);
			mainGroup = 82BAC79924BE098C00EE7B66;
			productRefGroup = 82BAC7A324BE098C00EE7B66 /* Products */;
			projectDirPath = "";
			projectRoot = "";
			targets = (
				82BAC7A124BE098C00EE7B66 /* RemindMe */,
			);
		};
/* End PBXProject section */

/* Begin PBXResourcesBuildPhase section */
		82BAC7A024BE098C00EE7B66 /* Resources */ = {
			isa = PBXResourcesBuildPhase;
			buildActionMask = 2147483647;
			files = (
				82BAC7B224BE098E00EE7B66 /* LaunchScreen.storyboard in Resources */,
				82BAC7AF24BE098E00EE7B66 /* Assets.xcassets in Resources */,
				82BAC7AD24BE098C00EE7B66 /* Main.storyboard in Resources */,
			);
			runOnlyForDeploymentPostprocessing = 0;
		};
/* End PBXResourcesBuildPhase section */

/* Begin PBXSourcesBuildPhase section */
		82BAC79E24BE098C00EE7B66 /* Sources */ = {
			isa = PBXSourcesBuildPhase;
			buildActionMask = 2147483647;
			files = (
				82289DE824ED9F4E00CBC3D7 /* CategoryVC.swift in Sources */,
				828EFA7924E1DF160091B7F9 /* DataModel.xcdatamodeld in Sources */,
				82BAC7AA24BE098C00EE7B66 /* RemindMeVC.swift in Sources */,
				82BAC7A624BE098C00EE7B66 /* AppDelegate.swift in Sources */,
				82BAC7A824BE098C00EE7B66 /* SceneDelegate.swift in Sources */,
			);
			runOnlyForDeploymentPostprocessing = 0;
		};
/* End PBXSourcesBuildPhase section */

/* Begin PBXVariantGroup section */
		82BAC7AB24BE098C00EE7B66 /* Main.storyboard */ = {
			isa = PBXVariantGroup;
			children = (
				82BAC7AC24BE098C00EE7B66 /* Base */,
			);
			name = Main.storyboard;
			sourceTree = "<group>";
		};
		82BAC7B024BE098E00EE7B66 /* LaunchScreen.storyboard */ = {
			isa = PBXVariantGroup;
			children = (
				82BAC7B124BE098E00EE7B66 /* Base */,
			);
			name = LaunchScreen.storyboard;
			sourceTree = "<group>";
		};
/* End PBXVariantGroup section */

/* Begin XCBuildConfiguration section */
		82BAC7B424BE098E00EE7B66 /* Debug */ = {
			isa = XCBuildConfiguration;
			buildSettings = {
				ALWAYS_SEARCH_USER_PATHS = NO;
				CLANG_ANALYZER_NONNULL = YES;
				CLANG_ANALYZER_NUMBER_OBJECT_CONVERSION = YES_AGGRESSIVE;
				CLANG_CXX_LANGUAGE_STANDARD = "gnu++14";
				CLANG_CXX_LIBRARY = "libc++";
				CLANG_ENABLE_MODULES = YES;
				CLANG_ENABLE_OBJC_ARC = YES;
				CLANG_ENABLE_OBJC_WEAK = YES;
				CLANG_WARN_BLOCK_CAPTURE_AUTORELEASING = YES;
				CLANG_WARN_BOOL_CONVERSION = YES;
				CLANG_WARN_COMMA = YES;
				CLANG_WARN_CONSTANT_CONVERSION = YES;
				CLANG_WARN_DEPRECATED_OBJC_IMPLEMENTATIONS = YES;
				CLANG_WARN_DIRECT_OBJC_ISA_USAGE = YES_ERROR;
				CLANG_WARN_DOCUMENTATION_COMMENTS = YES;
				CLANG_WARN_EMPTY_BODY = YES;
				CLANG_WARN_ENUM_CONVERSION = YES;
				CLANG_WARN_INFINITE_RECURSION = YES;
				CLANG_WARN_INT_CONVERSION = YES;
				CLANG_WARN_NON_LITERAL_NULL_CONVERSION = YES;
				CLANG_WARN_OBJC_IMPLICIT_RETAIN_SELF = YES;
				CLANG_WARN_OBJC_LITERAL_CONVERSION = YES;
				CLANG_WARN_OBJC_ROOT_CLASS = YES_ERROR;
				CLANG_WARN_QUOTED_INCLUDE_IN_FRAMEWORK_HEADER = YES;
				CLANG_WARN_RANGE_LOOP_ANALYSIS = YES;
				CLANG_WARN_STRICT_PROTOTYPES = YES;
				CLANG_WARN_SUSPICIOUS_MOVE = YES;
				CLANG_WARN_UNGUARDED_AVAILABILITY = YES_AGGRESSIVE;
				CLANG_WARN_UNREACHABLE_CODE = YES;
				CLANG_WARN__DUPLICATE_METHOD_MATCH = YES;
				COPY_PHASE_STRIP = NO;
				DEBUG_INFORMATION_FORMAT = dwarf;
				ENABLE_STRICT_OBJC_MSGSEND = YES;
				ENABLE_TESTABILITY = YES;
				GCC_C_LANGUAGE_STANDARD = gnu11;
				GCC_DYNAMIC_NO_PIC = NO;
				GCC_NO_COMMON_BLOCKS = YES;
				GCC_OPTIMIZATION_LEVEL = 0;
				GCC_PREPROCESSOR_DEFINITIONS = (
					"DEBUG=1",
					"$(inherited)",
				);
				GCC_WARN_64_TO_32_BIT_CONVERSION = YES;
				GCC_WARN_ABOUT_RETURN_TYPE = YES_ERROR;
				GCC_WARN_UNDECLARED_SELECTOR = YES;
				GCC_WARN_UNINITIALIZED_AUTOS = YES_AGGRESSIVE;
				GCC_WARN_UNUSED_FUNCTION = YES;
				GCC_WARN_UNUSED_VARIABLE = YES;
				IPHONEOS_DEPLOYMENT_TARGET = 13.5;
				MTL_ENABLE_DEBUG_INFO = INCLUDE_SOURCE;
				MTL_FAST_MATH = YES;
				ONLY_ACTIVE_ARCH = YES;
				SDKROOT = iphoneos;
				SWIFT_ACTIVE_COMPILATION_CONDITIONS = DEBUG;
				SWIFT_OPTIMIZATION_LEVEL = "-Onone";
			};
			name = Debug;
		};
		82BAC7B524BE098E00EE7B66 /* Release */ = {
			isa = XCBuildConfiguration;
			buildSettings = {
				ALWAYS_SEARCH_USER_PATHS = NO;
				CLANG_ANALYZER_NONNULL = YES;
				CLANG_ANALYZER_NUMBER_OBJECT_CONVERSION = YES_AGGRESSIVE;
				CLANG_CXX_LANGUAGE_STANDARD = "gnu++14";
				CLANG_CXX_LIBRARY = "libc++";
				CLANG_ENABLE_MODULES = YES;
				CLANG_ENABLE_OBJC_ARC = YES;
				CLANG_ENABLE_OBJC_WEAK = YES;
				CLANG_WARN_BLOCK_CAPTURE_AUTORELEASING = YES;
				CLANG_WARN_BOOL_CONVERSION = YES;
				CLANG_WARN_COMMA = YES;
				CLANG_WARN_CONSTANT_CONVERSION = YES;
				CLANG_WARN_DEPRECATED_OBJC_IMPLEMENTATIONS = YES;
				CLANG_WARN_DIRECT_OBJC_ISA_USAGE = YES_ERROR;
				CLANG_WARN_DOCUMENTATION_COMMENTS = YES;
				CLANG_WARN_EMPTY_BODY = YES;
				CLANG_WARN_ENUM_CONVERSION = YES;
				CLANG_WARN_INFINITE_RECURSION = YES;
				CLANG_WARN_INT_CONVERSION = YES;
				CLANG_WARN_NON_LITERAL_NULL_CONVERSION = YES;
				CLANG_WARN_OBJC_IMPLICIT_RETAIN_SELF = YES;
				CLANG_WARN_OBJC_LITERAL_CONVERSION = YES;
				CLANG_WARN_OBJC_ROOT_CLASS = YES_ERROR;
				CLANG_WARN_QUOTED_INCLUDE_IN_FRAMEWORK_HEADER = YES;
				CLANG_WARN_RANGE_LOOP_ANALYSIS = YES;
				CLANG_WARN_STRICT_PROTOTYPES = YES;
				CLANG_WARN_SUSPICIOUS_MOVE = YES;
				CLANG_WARN_UNGUARDED_AVAILABILITY = YES_AGGRESSIVE;
				CLANG_WARN_UNREACHABLE_CODE = YES;
				CLANG_WARN__DUPLICATE_METHOD_MATCH = YES;
				COPY_PHASE_STRIP = NO;
				DEBUG_INFORMATION_FORMAT = "dwarf-with-dsym";
				ENABLE_NS_ASSERTIONS = NO;
				ENABLE_STRICT_OBJC_MSGSEND = YES;
				GCC_C_LANGUAGE_STANDARD = gnu11;
				GCC_NO_COMMON_BLOCKS = YES;
				GCC_WARN_64_TO_32_BIT_CONVERSION = YES;
				GCC_WARN_ABOUT_RETURN_TYPE = YES_ERROR;
				GCC_WARN_UNDECLARED_SELECTOR = YES;
				GCC_WARN_UNINITIALIZED_AUTOS = YES_AGGRESSIVE;
				GCC_WARN_UNUSED_FUNCTION = YES;
				GCC_WARN_UNUSED_VARIABLE = YES;
				IPHONEOS_DEPLOYMENT_TARGET = 13.5;
				MTL_ENABLE_DEBUG_INFO = NO;
				MTL_FAST_MATH = YES;
				SDKROOT = iphoneos;
				SWIFT_COMPILATION_MODE = wholemodule;
				SWIFT_OPTIMIZATION_LEVEL = "-O";
				VALIDATE_PRODUCT = YES;
			};
			name = Release;
		};
		82BAC7B724BE098E00EE7B66 /* Debug */ = {
			isa = XCBuildConfiguration;
			buildSettings = {
				ASSETCATALOG_COMPILER_APPICON_NAME = AppIcon;
				CODE_SIGN_STYLE = Automatic;
				DEVELOPMENT_TEAM = 8728Y2F6Z4;
				INFOPLIST_FILE = RemindMe/Info.plist;
				LD_RUNPATH_SEARCH_PATHS = (
					"$(inherited)",
					"@executable_path/Frameworks",
				);
				PRODUCT_BUNDLE_IDENTIFIER = com.tymek.RemindMe.RemindMe;
				PRODUCT_NAME = "$(TARGET_NAME)";
				SWIFT_VERSION = 5.0;
				TARGETED_DEVICE_FAMILY = "1,2";
			};
			name = Debug;
		};
		82BAC7B824BE098E00EE7B66 /* Release */ = {
			isa = XCBuildConfiguration;
			buildSettings = {
				ASSETCATALOG_COMPILER_APPICON_NAME = AppIcon;
				CODE_SIGN_STYLE = Automatic;
				DEVELOPMENT_TEAM = 8728Y2F6Z4;
				INFOPLIST_FILE = RemindMe/Info.plist;
				LD_RUNPATH_SEARCH_PATHS = (
					"$(inherited)",
					"@executable_path/Frameworks",
				);
				PRODUCT_BUNDLE_IDENTIFIER = com.tymek.RemindMe.RemindMe;
				PRODUCT_NAME = "$(TARGET_NAME)";
				SWIFT_VERSION = 5.0;
				TARGETED_DEVICE_FAMILY = "1,2";
			};
			name = Release;
		};
/* End XCBuildConfiguration section */

/* Begin XCConfigurationList section */
		82BAC79D24BE098C00EE7B66 /* Build configuration list for PBXProject "RemindMe" */ = {
			isa = XCConfigurationList;
			buildConfigurations = (
				82BAC7B424BE098E00EE7B66 /* Debug */,
				82BAC7B524BE098E00EE7B66 /* Release */,
			);
			defaultConfigurationIsVisible = 0;
			defaultConfigurationName = Release;
		};
		82BAC7B624BE098E00EE7B66 /* Build configuration list for PBXNativeTarget "RemindMe" */ = {
			isa = XCConfigurationList;
			buildConfigurations = (
				82BAC7B724BE098E00EE7B66 /* Debug */,
				82BAC7B824BE098E00EE7B66 /* Release */,
			);
			defaultConfigurationIsVisible = 0;
			defaultConfigurationName = Release;
		};
/* End XCConfigurationList section */

/* Begin XCVersionGroup section */
		828EFA7724E1DF160091B7F9 /* DataModel.xcdatamodeld */ = {
			isa = XCVersionGroup;
			children = (
				828EFA7824E1DF160091B7F9 /* DataModel.xcdatamodel */,
			);
			currentVersion = 828EFA7824E1DF160091B7F9 /* DataModel.xcdatamodel */;
			path = DataModel.xcdatamodeld;
			sourceTree = "<group>";
			versionGroupType = wrapper.xcdatamodel;
		};
/* End XCVersionGroup section */
	};
	rootObject = 82BAC79A24BE098C00EE7B66 /* Project object */;
}
